
Microsoft Visual Studio Solution File, Format Version 12.00
# Visual Studio Version 16
VisualStudioVersion = 16.0.29926.136
MinimumVisualStudioVersion = 10.0.40219.1
Project("{888888A0-9F3D-457C-B088-3A5042F75D52}") = "sqrt", "Python_Kyoutodaigaku\sqrt.pyproj", "{BB667F2F-C034-40D3-9239-8136CCACA57C}"
EndProject
Global
	GlobalSection(SolutionConfigurationPlatforms) = preSolution
		Debug|Any CPU = Debug|Any CPU
		Release|Any CPU = Release|Any CPU
	EndGlobalSection
	GlobalSection(ProjectConfigurationPlatforms) = postSolution
		{BB667F2F-C034-40D3-9239-8136CCACA57C}.Debug|Any CPU.ActiveCfg = Debug|Any CPU
		{BB667F2F-C034-40D3-9239-8136CCACA57C}.Release|Any CPU.ActiveCfg = Release|Any CPU
	EndGlobalSection
	GlobalSection(SolutionProperties) = preSolution
		HideSolutionNode = FALSE
	EndGlobalSection
	GlobalSection(ExtensibilityGlobals) = postSolution
		SolutionGuid = {311D889F-54BC-46E0-82B7-475C39ECBF39}
	EndGlobalSection
EndGlobal
